
Microsoft Visual Studio Solution File, Format Version 12.00
# Visual Studio Version 17
VisualStudioVersion = 17.4.33205.214
MinimumVisualStudioVersion = 10.0.40219.1
Project("{8BC9CEB8-8B4A-11D0-8D11-00A0C91BC942}") = "Main_Task", "Main_Task\Main_Task.vcxproj", "{78BD6EA4-3E8D-406E-87F1-43F065012064}"
EndProject
Global
	GlobalSection(SolutionConfigurationPlatforms) = preSolution
		Debug|x64 = Debug|x64
		Debug|x86 = Debug|x86
		Release|x64 = Release|x64
		Release|x86 = Release|x86
	EndGlobalSection
	GlobalSection(ProjectConfigurationPlatforms) = postSolution
		{78BD6EA4-3E8D-406E-87F1-43F065012064}.Debug|x64.ActiveCfg = Debug|x64
		{78BD6EA4-3E8D-406E-87F1-43F065012064}.Debug|x64.Build.0 = Debug|x64
		{78BD6EA4-3E8D-406E-87F1-43F065012064}.Debug|x86.ActiveCfg = Debug|Win32
		{78BD6EA4-3E8D-406E-87F1-43F065012064}.Debug|x86.Build.0 = Debug|Win32
		{78BD6EA4-3E8D-406E-87F1-43F065012064}.Release|x64.ActiveCfg = Release|x64
		{78BD6EA4-3E8D-406E-87F1-43F065012064}.Release|x64.Build.0 = Release|x64
		{78BD6EA4-3E8D-406E-87F1-43F065012064}.Release|x86.ActiveCfg = Release|Win32
		{78BD6EA4-3E8D-406E-87F1-43F065012064}.Release|x86.Build.0 = Release|Win32
	EndGlobalSection
	GlobalSection(SolutionProperties) = preSolution
		HideSolutionNode = FALSE
	EndGlobalSection
	GlobalSection(ExtensibilityGlobals) = postSolution
		SolutionGuid = {86915192-51B0-475F-911D-F6B1F14BEB59}
	EndGlobalSection
EndGlobal
